<?xml version="1.0" encoding="utf-8"?>
<Project ToolsVersion="4.0" xmlns="http://schemas.microsoft.com/developer/msbuild/2003">
  <ItemGroup>
    <ClCompile Include="base\logging.cc">
      <Filter>Source Files</Filter>
    </ClCompile>
    <ClCompile Include="base\string_utils.cc">
      <Filter>Source Files</Filter>
    </ClCompile>
  </ItemGroup>
  <ItemGroup>
    <ClInclude Include="base\base.h">
      <Filter>Header Files</Filter>
    </ClInclude>
    <ClInclude Include="base\logging.h">
      <Filter>Header Files</Filter>
    </ClInclude>
    <ClInclude Include="base\scoped_ptr.h">
      <Filter>Header Files</Filter>
    </ClInclude>
    <ClInclude Include="base\string_utils.h">
      <Filter>Header Files</Filter>
    </ClInclude>
  </ItemGroup>
  <ItemGroup>
    <Filter Include="Source Files">
      <UniqueIdentifier>{B6961EE6-DD95-499C-98A7-B43DD63A9B72}</UniqueIdentifier>
    </Filter>
    <Filter Include="Header Files">
      <UniqueIdentifier>{EDB03548-132D-4EA4-9BF6-FB22C76A3014}</UniqueIdentifier>
    </Filter>
  </ItemGroup>
</Project>
