<?xml version="1.0" encoding="utf-8"?>
<Project ToolsVersion="4.0" xmlns="http://schemas.microsoft.com/developer/msbuild/2003">
  <ItemGroup>
    <ClCompile Include="kinect_wrapper\constants.cc">
      <Filter>Source Files</Filter>
    </ClCompile>
    <ClCompile Include="kinect_wrapper\kinect_buffer.cc">
      <Filter>Source Files</Filter>
    </ClCompile>
    <ClCompile Include="kinect_wrapper\kinect_coordinate_mapper.cc">
      <Filter>Source Files</Filter>
    </ClCompile>
    <ClCompile Include="kinect_wrapper\kinect_depth_stream.cc">
      <Filter>Source Files</Filter>
    </ClCompile>
    <ClCompile Include="kinect_wrapper\kinect_sensor.cc">
      <Filter>Source Files</Filter>
    </ClCompile>
    <ClCompile Include="kinect_wrapper\kinect_stream.cc">
      <Filter>Source Files</Filter>
    </ClCompile>
    <ClCompile Include="kinect_wrapper\kinect_wrapper.cc">
      <Filter>Source Files</Filter>
    </ClCompile>
  </ItemGroup>
  <ItemGroup>
    <ClInclude Include="kinect_wrapper\constants.h">
      <Filter>Header Files</Filter>
    </ClInclude>
    <ClInclude Include="kinect_wrapper\kinect_buffer.h">
      <Filter>Header Files</Filter>
    </ClInclude>
    <ClInclude Include="kinect_wrapper\kinect_coordinate_mapper.h">
      <Filter>Header Files</Filter>
    </ClInclude>
    <ClInclude Include="kinect_wrapper\kinect_depth_stream.h">
      <Filter>Header Files</Filter>
    </ClInclude>
    <ClInclude Include="kinect_wrapper\kinect_include.h">
      <Filter>Header Files</Filter>
    </ClInclude>
    <ClInclude Include="kinect_wrapper\kinect_sensor.h">
      <Filter>Header Files</Filter>
    </ClInclude>
    <ClInclude Include="kinect_wrapper\kinect_stream.h">
      <Filter>Header Files</Filter>
    </ClInclude>
    <ClInclude Include="kinect_wrapper\kinect_wrapper.h">
      <Filter>Header Files</Filter>
    </ClInclude>
    <ClInclude Include="kinect_wrapper\utility.h">
      <Filter>Header Files</Filter>
    </ClInclude>
  </ItemGroup>
  <ItemGroup>
    <Filter Include="Source Files">
      <UniqueIdentifier>{B6961EE6-DD95-499C-98A7-B43DD63A9B72}</UniqueIdentifier>
    </Filter>
    <Filter Include="Header Files">
      <UniqueIdentifier>{EDB03548-132D-4EA4-9BF6-FB22C76A3014}</UniqueIdentifier>
    </Filter>
  </ItemGroup>
</Project>
