Microsoft Visual Studio Solution File, Format Version 11.00
# Visual Studio 2010
Project("{8BC9CEB8-8B4A-11D0-8D11-00A0C91BC942}") = "ALL_BUILD", "ALL_BUILD.vcxproj", "{7A2E3787-2176-4285-8F80-106EE242BCA3}"
	ProjectSection(ProjectDependencies) = postProject
		{0A0DD8BC-DF22-4961-A221-471285E619FF} = {0A0DD8BC-DF22-4961-A221-471285E619FF}
		{234084AF-FD97-4646-830D-97C5DA448661} = {234084AF-FD97-4646-830D-97C5DA448661}
		{216B060D-E734-43F1-A624-68D8A7124546} = {216B060D-E734-43F1-A624-68D8A7124546}
	EndProjectSection
EndProject
Project("{8BC9CEB8-8B4A-11D0-8D11-00A0C91BC942}") = "base", "base.vcxproj", "{0A0DD8BC-DF22-4961-A221-471285E619FF}"
EndProject
Project("{8BC9CEB8-8B4A-11D0-8D11-00A0C91BC942}") = "kinect_power", "kinect_power.vcxproj", "{234084AF-FD97-4646-830D-97C5DA448661}"
	ProjectSection(ProjectDependencies) = postProject
		{0A0DD8BC-DF22-4961-A221-471285E619FF} = {0A0DD8BC-DF22-4961-A221-471285E619FF}
		{216B060D-E734-43F1-A624-68D8A7124546} = {216B060D-E734-43F1-A624-68D8A7124546}
	EndProjectSection
EndProject
Project("{8BC9CEB8-8B4A-11D0-8D11-00A0C91BC942}") = "kinect_wrapper", "kinect_wrapper.vcxproj", "{216B060D-E734-43F1-A624-68D8A7124546}"
	ProjectSection(ProjectDependencies) = postProject
		{0A0DD8BC-DF22-4961-A221-471285E619FF} = {0A0DD8BC-DF22-4961-A221-471285E619FF}
	EndProjectSection
EndProject
Project("{FAE04EC0-301F-11D3-BF4B-00C04F79EFBC}") = "sample", "sample\sample.csproj", "{81A923BD-14E4-4AA8-A38A-B69860C51AA6}"
EndProject
Global
	GlobalSection(SolutionConfigurationPlatforms) = preSolution
		Debug|Mixed Platforms = Debug|Mixed Platforms
		Debug|Win32 = Debug|Win32
		Debug|x86 = Debug|x86
		MinSizeRel|Mixed Platforms = MinSizeRel|Mixed Platforms
		MinSizeRel|Win32 = MinSizeRel|Win32
		MinSizeRel|x86 = MinSizeRel|x86
		Release|Mixed Platforms = Release|Mixed Platforms
		Release|Win32 = Release|Win32
		Release|x86 = Release|x86
		RelWithDebInfo|Mixed Platforms = RelWithDebInfo|Mixed Platforms
		RelWithDebInfo|Win32 = RelWithDebInfo|Win32
		RelWithDebInfo|x86 = RelWithDebInfo|x86
	EndGlobalSection
	GlobalSection(ProjectConfigurationPlatforms) = postSolution
		{7A2E3787-2176-4285-8F80-106EE242BCA3}.Debug|Mixed Platforms.ActiveCfg = Debug|Win32
		{7A2E3787-2176-4285-8F80-106EE242BCA3}.Debug|Mixed Platforms.Build.0 = Debug|Win32
		{7A2E3787-2176-4285-8F80-106EE242BCA3}.Debug|Win32.ActiveCfg = Debug|Win32
		{7A2E3787-2176-4285-8F80-106EE242BCA3}.Debug|x86.ActiveCfg = Debug|Win32
		{7A2E3787-2176-4285-8F80-106EE242BCA3}.MinSizeRel|Mixed Platforms.ActiveCfg = MinSizeRel|Win32
		{7A2E3787-2176-4285-8F80-106EE242BCA3}.MinSizeRel|Mixed Platforms.Build.0 = MinSizeRel|Win32
		{7A2E3787-2176-4285-8F80-106EE242BCA3}.MinSizeRel|Win32.ActiveCfg = MinSizeRel|Win32
		{7A2E3787-2176-4285-8F80-106EE242BCA3}.MinSizeRel|x86.ActiveCfg = MinSizeRel|Win32
		{7A2E3787-2176-4285-8F80-106EE242BCA3}.Release|Mixed Platforms.ActiveCfg = Release|Win32
		{7A2E3787-2176-4285-8F80-106EE242BCA3}.Release|Mixed Platforms.Build.0 = Release|Win32
		{7A2E3787-2176-4285-8F80-106EE242BCA3}.Release|Win32.ActiveCfg = Release|Win32
		{7A2E3787-2176-4285-8F80-106EE242BCA3}.Release|x86.ActiveCfg = Release|Win32
		{7A2E3787-2176-4285-8F80-106EE242BCA3}.RelWithDebInfo|Mixed Platforms.ActiveCfg = RelWithDebInfo|Win32
		{7A2E3787-2176-4285-8F80-106EE242BCA3}.RelWithDebInfo|Mixed Platforms.Build.0 = RelWithDebInfo|Win32
		{7A2E3787-2176-4285-8F80-106EE242BCA3}.RelWithDebInfo|Win32.ActiveCfg = RelWithDebInfo|Win32
		{7A2E3787-2176-4285-8F80-106EE242BCA3}.RelWithDebInfo|x86.ActiveCfg = RelWithDebInfo|Win32
		{0A0DD8BC-DF22-4961-A221-471285E619FF}.Debug|Mixed Platforms.ActiveCfg = Debug|Win32
		{0A0DD8BC-DF22-4961-A221-471285E619FF}.Debug|Mixed Platforms.Build.0 = Debug|Win32
		{0A0DD8BC-DF22-4961-A221-471285E619FF}.Debug|Win32.ActiveCfg = Debug|Win32
		{0A0DD8BC-DF22-4961-A221-471285E619FF}.Debug|Win32.Build.0 = Debug|Win32
		{0A0DD8BC-DF22-4961-A221-471285E619FF}.Debug|x86.ActiveCfg = Debug|Win32
		{0A0DD8BC-DF22-4961-A221-471285E619FF}.MinSizeRel|Mixed Platforms.ActiveCfg = MinSizeRel|Win32
		{0A0DD8BC-DF22-4961-A221-471285E619FF}.MinSizeRel|Mixed Platforms.Build.0 = MinSizeRel|Win32
		{0A0DD8BC-DF22-4961-A221-471285E619FF}.MinSizeRel|Win32.ActiveCfg = MinSizeRel|Win32
		{0A0DD8BC-DF22-4961-A221-471285E619FF}.MinSizeRel|Win32.Build.0 = MinSizeRel|Win32
		{0A0DD8BC-DF22-4961-A221-471285E619FF}.MinSizeRel|x86.ActiveCfg = MinSizeRel|Win32
		{0A0DD8BC-DF22-4961-A221-471285E619FF}.Release|Mixed Platforms.ActiveCfg = Release|Win32
		{0A0DD8BC-DF22-4961-A221-471285E619FF}.Release|Mixed Platforms.Build.0 = Release|Win32
		{0A0DD8BC-DF22-4961-A221-471285E619FF}.Release|Win32.ActiveCfg = Release|Win32
		{0A0DD8BC-DF22-4961-A221-471285E619FF}.Release|Win32.Build.0 = Release|Win32
		{0A0DD8BC-DF22-4961-A221-471285E619FF}.Release|x86.ActiveCfg = Release|Win32
		{0A0DD8BC-DF22-4961-A221-471285E619FF}.RelWithDebInfo|Mixed Platforms.ActiveCfg = RelWithDebInfo|Win32
		{0A0DD8BC-DF22-4961-A221-471285E619FF}.RelWithDebInfo|Mixed Platforms.Build.0 = RelWithDebInfo|Win32
		{0A0DD8BC-DF22-4961-A221-471285E619FF}.RelWithDebInfo|Win32.ActiveCfg = RelWithDebInfo|Win32
		{0A0DD8BC-DF22-4961-A221-471285E619FF}.RelWithDebInfo|Win32.Build.0 = RelWithDebInfo|Win32
		{0A0DD8BC-DF22-4961-A221-471285E619FF}.RelWithDebInfo|x86.ActiveCfg = RelWithDebInfo|Win32
		{234084AF-FD97-4646-830D-97C5DA448661}.Debug|Mixed Platforms.ActiveCfg = Debug|Win32
		{234084AF-FD97-4646-830D-97C5DA448661}.Debug|Mixed Platforms.Build.0 = Debug|Win32
		{234084AF-FD97-4646-830D-97C5DA448661}.Debug|Win32.ActiveCfg = Debug|Win32
		{234084AF-FD97-4646-830D-97C5DA448661}.Debug|Win32.Build.0 = Debug|Win32
		{234084AF-FD97-4646-830D-97C5DA448661}.Debug|x86.ActiveCfg = Debug|Win32
		{234084AF-FD97-4646-830D-97C5DA448661}.MinSizeRel|Mixed Platforms.ActiveCfg = MinSizeRel|Win32
		{234084AF-FD97-4646-830D-97C5DA448661}.MinSizeRel|Mixed Platforms.Build.0 = MinSizeRel|Win32
		{234084AF-FD97-4646-830D-97C5DA448661}.MinSizeRel|Win32.ActiveCfg = MinSizeRel|Win32
		{234084AF-FD97-4646-830D-97C5DA448661}.MinSizeRel|Win32.Build.0 = MinSizeRel|Win32
		{234084AF-FD97-4646-830D-97C5DA448661}.MinSizeRel|x86.ActiveCfg = MinSizeRel|Win32
		{234084AF-FD97-4646-830D-97C5DA448661}.Release|Mixed Platforms.ActiveCfg = Release|Win32
		{234084AF-FD97-4646-830D-97C5DA448661}.Release|Mixed Platforms.Build.0 = Release|Win32
		{234084AF-FD97-4646-830D-97C5DA448661}.Release|Win32.ActiveCfg = Release|Win32
		{234084AF-FD97-4646-830D-97C5DA448661}.Release|Win32.Build.0 = Release|Win32
		{234084AF-FD97-4646-830D-97C5DA448661}.Release|x86.ActiveCfg = Release|Win32
		{234084AF-FD97-4646-830D-97C5DA448661}.RelWithDebInfo|Mixed Platforms.ActiveCfg = RelWithDebInfo|Win32
		{234084AF-FD97-4646-830D-97C5DA448661}.RelWithDebInfo|Mixed Platforms.Build.0 = RelWithDebInfo|Win32
		{234084AF-FD97-4646-830D-97C5DA448661}.RelWithDebInfo|Win32.ActiveCfg = RelWithDebInfo|Win32
		{234084AF-FD97-4646-830D-97C5DA448661}.RelWithDebInfo|Win32.Build.0 = RelWithDebInfo|Win32
		{234084AF-FD97-4646-830D-97C5DA448661}.RelWithDebInfo|x86.ActiveCfg = RelWithDebInfo|Win32
		{216B060D-E734-43F1-A624-68D8A7124546}.Debug|Mixed Platforms.ActiveCfg = Debug|Win32
		{216B060D-E734-43F1-A624-68D8A7124546}.Debug|Mixed Platforms.Build.0 = Debug|Win32
		{216B060D-E734-43F1-A624-68D8A7124546}.Debug|Win32.ActiveCfg = Debug|Win32
		{216B060D-E734-43F1-A624-68D8A7124546}.Debug|Win32.Build.0 = Debug|Win32
		{216B060D-E734-43F1-A624-68D8A7124546}.Debug|x86.ActiveCfg = Debug|Win32
		{216B060D-E734-43F1-A624-68D8A7124546}.MinSizeRel|Mixed Platforms.ActiveCfg = MinSizeRel|Win32
		{216B060D-E734-43F1-A624-68D8A7124546}.MinSizeRel|Mixed Platforms.Build.0 = MinSizeRel|Win32
		{216B060D-E734-43F1-A624-68D8A7124546}.MinSizeRel|Win32.ActiveCfg = MinSizeRel|Win32
		{216B060D-E734-43F1-A624-68D8A7124546}.MinSizeRel|Win32.Build.0 = MinSizeRel|Win32
		{216B060D-E734-43F1-A624-68D8A7124546}.MinSizeRel|x86.ActiveCfg = MinSizeRel|Win32
		{216B060D-E734-43F1-A624-68D8A7124546}.Release|Mixed Platforms.ActiveCfg = Release|Win32
		{216B060D-E734-43F1-A624-68D8A7124546}.Release|Mixed Platforms.Build.0 = Release|Win32
		{216B060D-E734-43F1-A624-68D8A7124546}.Release|Win32.ActiveCfg = Release|Win32
		{216B060D-E734-43F1-A624-68D8A7124546}.Release|Win32.Build.0 = Release|Win32
		{216B060D-E734-43F1-A624-68D8A7124546}.Release|x86.ActiveCfg = Release|Win32
		{216B060D-E734-43F1-A624-68D8A7124546}.RelWithDebInfo|Mixed Platforms.ActiveCfg = RelWithDebInfo|Win32
		{216B060D-E734-43F1-A624-68D8A7124546}.RelWithDebInfo|Mixed Platforms.Build.0 = RelWithDebInfo|Win32
		{216B060D-E734-43F1-A624-68D8A7124546}.RelWithDebInfo|Win32.ActiveCfg = RelWithDebInfo|Win32
		{216B060D-E734-43F1-A624-68D8A7124546}.RelWithDebInfo|Win32.Build.0 = RelWithDebInfo|Win32
		{216B060D-E734-43F1-A624-68D8A7124546}.RelWithDebInfo|x86.ActiveCfg = RelWithDebInfo|Win32
		{81A923BD-14E4-4AA8-A38A-B69860C51AA6}.Debug|Mixed Platforms.ActiveCfg = Debug|x86
		{81A923BD-14E4-4AA8-A38A-B69860C51AA6}.Debug|Mixed Platforms.Build.0 = Debug|x86
		{81A923BD-14E4-4AA8-A38A-B69860C51AA6}.Debug|Win32.ActiveCfg = Debug|x86
		{81A923BD-14E4-4AA8-A38A-B69860C51AA6}.Debug|x86.ActiveCfg = Debug|x86
		{81A923BD-14E4-4AA8-A38A-B69860C51AA6}.Debug|x86.Build.0 = Debug|x86
		{81A923BD-14E4-4AA8-A38A-B69860C51AA6}.MinSizeRel|Mixed Platforms.ActiveCfg = Release|x86
		{81A923BD-14E4-4AA8-A38A-B69860C51AA6}.MinSizeRel|Mixed Platforms.Build.0 = Release|x86
		{81A923BD-14E4-4AA8-A38A-B69860C51AA6}.MinSizeRel|Win32.ActiveCfg = Release|x86
		{81A923BD-14E4-4AA8-A38A-B69860C51AA6}.MinSizeRel|x86.ActiveCfg = Release|x86
		{81A923BD-14E4-4AA8-A38A-B69860C51AA6}.MinSizeRel|x86.Build.0 = Release|x86
		{81A923BD-14E4-4AA8-A38A-B69860C51AA6}.Release|Mixed Platforms.ActiveCfg = Release|x86
		{81A923BD-14E4-4AA8-A38A-B69860C51AA6}.Release|Mixed Platforms.Build.0 = Release|x86
		{81A923BD-14E4-4AA8-A38A-B69860C51AA6}.Release|Win32.ActiveCfg = Release|x86
		{81A923BD-14E4-4AA8-A38A-B69860C51AA6}.Release|x86.ActiveCfg = Release|x86
		{81A923BD-14E4-4AA8-A38A-B69860C51AA6}.Release|x86.Build.0 = Release|x86
		{81A923BD-14E4-4AA8-A38A-B69860C51AA6}.RelWithDebInfo|Mixed Platforms.ActiveCfg = Release|x86
		{81A923BD-14E4-4AA8-A38A-B69860C51AA6}.RelWithDebInfo|Mixed Platforms.Build.0 = Release|x86
		{81A923BD-14E4-4AA8-A38A-B69860C51AA6}.RelWithDebInfo|Win32.ActiveCfg = Release|x86
		{81A923BD-14E4-4AA8-A38A-B69860C51AA6}.RelWithDebInfo|x86.ActiveCfg = Release|x86
		{81A923BD-14E4-4AA8-A38A-B69860C51AA6}.RelWithDebInfo|x86.Build.0 = Release|x86
	EndGlobalSection
	GlobalSection(SolutionProperties) = preSolution
		HideSolutionNode = FALSE
	EndGlobalSection
EndGlobal
